github.com/cathalgarvey/fmtless v0.0.0-20160509115409-5077ea938891 h1:xI+8e6zab6gwsycpo0sENGYF8DmagNYnyOxpRhnA1eE=
github.com/cathalgarvey/fmtless v0.0.0-20160509115409-5077ea938891/go.mod h1:47i2Tts0Ndudv8RXhALRmYzK4gB8Qh39wOGy5H9FIOU=
github.com/coreos/bbolt v1.3.3 h1:n6AiVyVRKQFNb6mJlwESEvvLoDyiTzXX7ORAUlkeBdY=
github.com/coreos/bbolt v1.3.3/go.mod h1:iRUV2dpdMOn7Bo10OQBFzIJO9kkE559Wcmn+qkEiiKk=
github.com/davecgh/go-spew v1.1.0/go.mod h1:J7Y8YcW2NihsgmVo/mv3lAwl/skON4iLHjSsI+c5H38=
github.com/gopherjs/gopherjs v0.0.0-20180825215210-0210a2f0f73c/go.mod h1:wJfORRmW1u3UXTncJ5qlYoELFm8eSnnEO6hX4iZ3EWY=
github.com/gopherjs/gopherjs v0.0.0-20181017120253-0766667cb4d1/go.mod h1:wJfORRmW1u3UXTncJ5qlYoELFm8eSnnEO6hX4iZ3EWY=
github.com/gopherjs/gopherwasm v1.1.0/go.mod h1:SkZ8z7CWBz5VXbhJel8TxCmAcsQqzgWGR/8nMhyhZSI=
github.com/gopherjs/vecty v0.0.0-20190701082209-875bd2cf9be0/go.mod h1:Yd9AOfl6lN1BWnVnvaSBwKiTCAcnlIGGvdsODOOZ9RY=
github.com/gopherjs/vecty v0.0.0-20200328200803-52636d1f7aba h1:L4sGG+I0gxUOmvEWXgkYcu+JWUmZqUM7dG/shXfCHRw=
github.com/gopherjs/vecty v0.0.0-20200328200803-52636d1f7aba/go.mod h1:Yd9AOfl6lN1BWnVnvaSBwKiTCAcnlIGGvdsODOOZ9RY=
github.com/pmezard/go-difflib v1.0.0/go.mod h1:iKH77koFhYxTK1pcRnkKkqfTogsbg7gZNVY4sRDYZ/4=
github.com/stretchr/objx v0.1.0/go.mod h1:HFkY916IF+rwdDfMAkV7OtwuqBVzrE8GR6GFx+wExME=
github.com/stretchr/testify v1.3.0/go.mod h1:M5WIy9Dh21IEIfnGCwXGc5bZfKNJtfHm1UVUgZn+9EI=
go.etcd.io/bbolt v1.3.3 h1:MUGmc65QhB3pIlaQ5bB4LwqSj6GIonVJXpZiaKNyaKk=
go.etcd.io/bbolt v1.3.3/go.mod h1:IbVyRI1SCnLcuJnV2u8VeU0CEYM7e686BmAb1XKL+uU=
golang.org/x/crypto v0.0.0-20190308221718-c2843e01d9a2/go.mod h1:djNgcEr1/C05ACkg1iLfiJU5Ep61QUkGW8qpdssI0+w=
golang.org/x/crypto v0.0.0-20200302210943-78000ba7a073 h1:xMPOj6Pz6UipU1wXLkrtqpHbR0AVFnyPEQq/wRWz9lM=
golang.org/x/crypto v0.0.0-20200302210943-78000ba7a073/go.mod h1:LzIPMQfyMNhhGPhUkYOs5KpL4U8rLKemX1yGLhDgUto=
golang.org/x/image v0.0.0-20200119044424-58c23975cae1 h1:5h3ngYt7+vXCDZCup/HkCQgW5XwmSvR/nA2JmJ0RErg=
golang.org/x/image v0.0.0-20200119044424-58c23975cae1/go.mod h1:FeLwcggjj3mMvU+oOTbSwawSJRM1uh48EjtB4UJZlP0=
golang.org/x/net v0.0.0-20190404232315-eb5bcb51f2a3/go.mod h1:t9HGtf8HONx5eT2rtn7q6eTqICYqUVnKs3thJo3Qplg=
golang.org/x/sys v0.0.0-20190215142949-d0b11bdaac8a/go.mod h1:STP8DvDyc/dI5b8T5hshtkjS+E42TnysNCUPdjciGhY=
golang.org/x/sys v0.0.0-20190412213103-97732733099d/go.mod h1:h1NjWce9XRLGQEsW7wpKNCjG9DtNlClVuFLEZdDNbEs=
golang.org/x/sys v0.0.0-20200302150141-5c8b2ff67527 h1:uYVVQ9WP/Ds2ROhcaGPeIdVq0RIXVLwsHlnvJ+cT1So=
golang.org/x/sys v0.0.0-20200302150141-5c8b2ff67527/go.mod h1:h1NjWce9XRLGQEsW7wpKNCjG9DtNlClVuFLEZdDNbEs=
golang.org/x/text v0.3.0/go.mod h1:NqM8EUOU14njkJ3fqMW+pc6Ldnwhi/IjpwHt7yyuwOQ=
marwan.io/vecty-router v0.0.0-20190701140924-0b5c86ca8801 h1:iCUUsddFprsvTAbyIV2QYDqirAA9V8U4dX5QfqSqNso=
marwan.io/vecty-router v0.0.0-20190701140924-0b5c86ca8801/go.mod h1:9F8DpkcpW1dEOqVQ/Bu/ltLFZSXxdYofgjxgxJ/H/Zc=
